
Microsoft Visual Studio Solution File, Format Version 12.00
# Visual Studio Version 17
VisualStudioVersion = 17.5.002.0
MinimumVisualStudioVersion = 10.0.40219.1
Project("{9A19103F-16F7-4668-BE54-9A1E7A4F7556}") = "RimWorld_Mod", "RimWorld_Mod.csproj", "{20FD2C78-5828-40A9-9C3B-28EB43948463}"
EndProject
Global	
	GlobalSection(SolutionConfigurationPlatforms) = preSolution
		Release|Any CPU = Release|Any CPU
	EndGlobalSection
	GlobalSection(ProjectConfigurationPlatforms) = postSolution
		{20FD2C78-5828-40A9-9C3B-28EB43948463}.Release|Any CPU.ActiveCfg = Release|Any CPU
		{20FD2C78-5828-40A9-9C3B-28EB43948463}.Release|Any CPU.Build.0 = Release|Any CPU
	EndGlobalSection
	GlobalSection(ExtensibilityGlobals) = postSolution
		SolutionGuid = {B1E33FBE-0B4B-43F6-8488-169BB0010B52}
	EndGlobalSection
EndGlobal
